// !$*UTF8*$!
{
	archiveVersion = 1;
	classes = {
	};
	objectVersion = 46;
	objects = {

/* Begin PBXBuildFile section */
		A785EF211C042539006B5392 /* Meme.swift in Sources */ = {isa = PBXBuildFile; fileRef = A785EF201C042539006B5392 /* Meme.swift */; settings = {ASSET_TAGS = (); }; };
		A79065D21C037965009A2732 /* Impact.ttf in Resources */ = {isa = PBXBuildFile; fileRef = A79065D11C037965009A2732 /* Impact.ttf */; settings = {ASSET_TAGS = (); }; };
		A79065DC1C03F451009A2732 /* collection_30x30.png in Resources */ = {isa = PBXBuildFile; fileRef = A79065D61C03F451009A2732 /* collection_30x30.png */; settings = {ASSET_TAGS = (); }; };
		A79065DD1C03F451009A2732 /* collection_60x60.png in Resources */ = {isa = PBXBuildFile; fileRef = A79065D71C03F451009A2732 /* collection_60x60.png */; settings = {ASSET_TAGS = (); }; };
		A79065DE1C03F451009A2732 /* table_90x90.png in Resources */ = {isa = PBXBuildFile; fileRef = A79065D81C03F451009A2732 /* table_90x90.png */; settings = {ASSET_TAGS = (); }; };
		A79065DF1C03F451009A2732 /* table_30x30.png in Resources */ = {isa = PBXBuildFile; fileRef = A79065D91C03F451009A2732 /* table_30x30.png */; settings = {ASSET_TAGS = (); }; };
		A79065E01C03F451009A2732 /* table_60x60.png in Resources */ = {isa = PBXBuildFile; fileRef = A79065DA1C03F451009A2732 /* table_60x60.png */; settings = {ASSET_TAGS = (); }; };
		A79065E11C03F451009A2732 /* collection_90x90.png in Resources */ = {isa = PBXBuildFile; fileRef = A79065DB1C03F451009A2732 /* collection_90x90.png */; settings = {ASSET_TAGS = (); }; };
		A7C196BA1BFED7AA00D0B776 /* DetailViewController.swift in Sources */ = {isa = PBXBuildFile; fileRef = A7C196B91BFED7AA00D0B776 /* DetailViewController.swift */; settings = {ASSET_TAGS = (); }; };
		A7C55CA51B6582B1004CE204 /* AppDelegate.swift in Sources */ = {isa = PBXBuildFile; fileRef = A7C55CA41B6582B1004CE204 /* AppDelegate.swift */; };
		A7C55CA71B6582B1004CE204 /* EditorViewController.swift in Sources */ = {isa = PBXBuildFile; fileRef = A7C55CA61B6582B1004CE204 /* EditorViewController.swift */; };
		A7C55CAA1B6582B1004CE204 /* Main.storyboard in Resources */ = {isa = PBXBuildFile; fileRef = A7C55CA81B6582B1004CE204 /* Main.storyboard */; };
		A7C55CAC1B6582B1004CE204 /* Images.xcassets in Resources */ = {isa = PBXBuildFile; fileRef = A7C55CAB1B6582B1004CE204 /* Images.xcassets */; };
		A7C55CAF1B6582B1004CE204 /* LaunchScreen.xib in Resources */ = {isa = PBXBuildFile; fileRef = A7C55CAD1B6582B1004CE204 /* LaunchScreen.xib */; };
		A7C55CBB1B6582B1004CE204 /* MemeMeTests.swift in Sources */ = {isa = PBXBuildFile; fileRef = A7C55CBA1B6582B1004CE204 /* MemeMeTests.swift */; };
		A7F6ED261B8BCB7F001FEF1D /* SMTViewController.swift in Sources */ = {isa = PBXBuildFile; fileRef = A7F6ED251B8BCB7F001FEF1D /* SMTViewController.swift */; };
		A7F9C18D1BD5C0AB00DBA481 /* GridViewController.swift in Sources */ = {isa = PBXBuildFile; fileRef = A7F9C18C1BD5C0AB00DBA481 /* GridViewController.swift */; };
		A7F9C18F1BD5C7DE00DBA481 /* MemeCollectionViewCell.swift in Sources */ = {isa = PBXBuildFile; fileRef = A7F9C18E1BD5C7DE00DBA481 /* MemeCollectionViewCell.swift */; };
/* End PBXBuildFile section */

/* Begin PBXContainerItemProxy section */
		A7C55CB51B6582B1004CE204 /* PBXContainerItemProxy */ = {
			isa = PBXContainerItemProxy;
			containerPortal = A7C55C971B6582B1004CE204 /* Project object */;
			proxyType = 1;
			remoteGlobalIDString = A7C55C9E1B6582B1004CE204;
			remoteInfo = MemeMe;
		};
/* End PBXContainerItemProxy section */

/* Begin PBXFileReference section */
		A785EF201C042539006B5392 /* Meme.swift */ = {isa = PBXFileReference; fileEncoding = 4; lastKnownFileType = sourcecode.swift; path = Meme.swift; sourceTree = "<group>"; };
		A79065D11C037965009A2732 /* Impact.ttf */ = {isa = PBXFileReference; lastKnownFileType = file; path = Impact.ttf; sourceTree = "<group>"; };
		A79065D61C03F451009A2732 /* collection_30x30.png */ = {isa = PBXFileReference; lastKnownFileType = image.png; path = collection_30x30.png; sourceTree = "<group>"; };
		A79065D71C03F451009A2732 /* collection_60x60.png */ = {isa = PBXFileReference; lastKnownFileType = image.png; path = collection_60x60.png; sourceTree = "<group>"; };
		A79065D81C03F451009A2732 /* table_90x90.png */ = {isa = PBXFileReference; lastKnownFileType = image.png; path = table_90x90.png; sourceTree = "<group>"; };
		A79065D91C03F451009A2732 /* table_30x30.png */ = {isa = PBXFileReference; lastKnownFileType = image.png; path = table_30x30.png; sourceTree = "<group>"; };
		A79065DA1C03F451009A2732 /* table_60x60.png */ = {isa = PBXFileReference; lastKnownFileType = image.png; path = table_60x60.png; sourceTree = "<group>"; };
		A79065DB1C03F451009A2732 /* collection_90x90.png */ = {isa = PBXFileReference; lastKnownFileType = image.png; path = collection_90x90.png; sourceTree = "<group>"; };
		A7C196B91BFED7AA00D0B776 /* DetailViewController.swift */ = {isa = PBXFileReference; fileEncoding = 4; lastKnownFileType = sourcecode.swift; path = DetailViewController.swift; sourceTree = "<group>"; };
		A7C55C9F1B6582B1004CE204 /* MemeMe.app */ = {isa = PBXFileReference; explicitFileType = wrapper.application; includeInIndex = 0; path = MemeMe.app; sourceTree = BUILT_PRODUCTS_DIR; };
		A7C55CA31B6582B1004CE204 /* Info.plist */ = {isa = PBXFileReference; lastKnownFileType = text.plist.xml; path = Info.plist; sourceTree = "<group>"; };
		A7C55CA41B6582B1004CE204 /* AppDelegate.swift */ = {isa = PBXFileReference; lastKnownFileType = sourcecode.swift; path = AppDelegate.swift; sourceTree = "<group>"; };
		A7C55CA61B6582B1004CE204 /* EditorViewController.swift */ = {isa = PBXFileReference; lastKnownFileType = sourcecode.swift; path = EditorViewController.swift; sourceTree = "<group>"; };
		A7C55CA91B6582B1004CE204 /* Base */ = {isa = PBXFileReference; lastKnownFileType = file.storyboard; name = Base; path = Base.lproj/Main.storyboard; sourceTree = "<group>"; };
		A7C55CAB1B6582B1004CE204 /* Images.xcassets */ = {isa = PBXFileReference; lastKnownFileType = folder.assetcatalog; path = Images.xcassets; sourceTree = "<group>"; };
		A7C55CAE1B6582B1004CE204 /* Base */ = {isa = PBXFileReference; lastKnownFileType = file.xib; name = Base; path = Base.lproj/LaunchScreen.xib; sourceTree = "<group>"; };
		A7C55CB41B6582B1004CE204 /* MemeMeTests.xctest */ = {isa = PBXFileReference; explicitFileType = wrapper.cfbundle; includeInIndex = 0; path = MemeMeTests.xctest; sourceTree = BUILT_PRODUCTS_DIR; };
		A7C55CB91B6582B1004CE204 /* Info.plist */ = {isa = PBXFileReference; lastKnownFileType = text.plist.xml; path = Info.plist; sourceTree = "<group>"; };
		A7C55CBA1B6582B1004CE204 /* MemeMeTests.swift */ = {isa = PBXFileReference; lastKnownFileType = sourcecode.swift; path = MemeMeTests.swift; sourceTree = "<group>"; };
		A7F6ED251B8BCB7F001FEF1D /* SMTViewController.swift */ = {isa = PBXFileReference; fileEncoding = 4; lastKnownFileType = sourcecode.swift; path = SMTViewController.swift; sourceTree = "<group>"; };
		A7F9C18C1BD5C0AB00DBA481 /* GridViewController.swift */ = {isa = PBXFileReference; fileEncoding = 4; lastKnownFileType = sourcecode.swift; path = GridViewController.swift; sourceTree = "<group>"; };
		A7F9C18E1BD5C7DE00DBA481 /* MemeCollectionViewCell.swift */ = {isa = PBXFileReference; fileEncoding = 4; lastKnownFileType = sourcecode.swift; path = MemeCollectionViewCell.swift; sourceTree = "<group>"; };
/* End PBXFileReference section */

/* Begin PBXFrameworksBuildPhase section */
		A7C55C9C1B6582B1004CE204 /* Frameworks */ = {
			isa = PBXFrameworksBuildPhase;
			buildActionMask = 2147483647;
			files = (
			);
			runOnlyForDeploymentPostprocessing = 0;
		};
		A7C55CB11B6582B1004CE204 /* Frameworks */ = {
			isa = PBXFrameworksBuildPhase;
			buildActionMask = 2147483647;
			files = (
			);
			runOnlyForDeploymentPostprocessing = 0;
		};
/* End PBXFrameworksBuildPhase section */

/* Begin PBXGroup section */
		A79065D31C03799D009A2732 /* Resources */ = {
			isa = PBXGroup;
			children = (
				A79065D11C037965009A2732 /* Impact.ttf */,
			);
			name = Resources;
			sourceTree = "<group>";
		};
		A7C55C961B6582B1004CE204 = {
			isa = PBXGroup;
			children = (
				A79065D61C03F451009A2732 /* collection_30x30.png */,
				A79065D71C03F451009A2732 /* collection_60x60.png */,
				A79065D81C03F451009A2732 /* table_90x90.png */,
				A79065D91C03F451009A2732 /* table_30x30.png */,
				A79065DA1C03F451009A2732 /* table_60x60.png */,
				A79065DB1C03F451009A2732 /* collection_90x90.png */,
				A79065D31C03799D009A2732 /* Resources */,
				A7C55CA11B6582B1004CE204 /* MemeMe */,
				A7C55CB71B6582B1004CE204 /* MemeMeTests */,
				A7C55CA01B6582B1004CE204 /* Products */,
			);
			sourceTree = "<group>";
		};
		A7C55CA01B6582B1004CE204 /* Products */ = {
			isa = PBXGroup;
			children = (
				A7C55C9F1B6582B1004CE204 /* MemeMe.app */,
				A7C55CB41B6582B1004CE204 /* MemeMeTests.xctest */,
			);
			name = Products;
			sourceTree = "<group>";
		};
		A7C55CA11B6582B1004CE204 /* MemeMe */ = {
			isa = PBXGroup;
			children = (
				A7C55CA41B6582B1004CE204 /* AppDelegate.swift */,
				A7C196B91BFED7AA00D0B776 /* DetailViewController.swift */,
				A7C55CA61B6582B1004CE204 /* EditorViewController.swift */,
				A7F6ED251B8BCB7F001FEF1D /* SMTViewController.swift */,
				A7F9C18C1BD5C0AB00DBA481 /* GridViewController.swift */,
				A7F9C18E1BD5C7DE00DBA481 /* MemeCollectionViewCell.swift */,
				A7C55CA81B6582B1004CE204 /* Main.storyboard */,
				A7C55CAB1B6582B1004CE204 /* Images.xcassets */,
				A7C55CAD1B6582B1004CE204 /* LaunchScreen.xib */,
				A7C55CA21B6582B1004CE204 /* Supporting Files */,
				A785EF201C042539006B5392 /* Meme.swift */,
			);
			path = MemeMe;
			sourceTree = "<group>";
		};
		A7C55CA21B6582B1004CE204 /* Supporting Files */ = {
			isa = PBXGroup;
			children = (
				A7C55CA31B6582B1004CE204 /* Info.plist */,
			);
			name = "Supporting Files";
			sourceTree = "<group>";
		};
		A7C55CB71B6582B1004CE204 /* MemeMeTests */ = {
			isa = PBXGroup;
			children = (
				A7C55CBA1B6582B1004CE204 /* MemeMeTests.swift */,
				A7C55CB81B6582B1004CE204 /* Supporting Files */,
			);
			path = MemeMeTests;
			sourceTree = "<group>";
		};
		A7C55CB81B6582B1004CE204 /* Supporting Files */ = {
			isa = PBXGroup;
			children = (
				A7C55CB91B6582B1004CE204 /* Info.plist */,
			);
			name = "Supporting Files";
			sourceTree = "<group>";
		};
/* End PBXGroup section */

/* Begin PBXNativeTarget section */
		A7C55C9E1B6582B1004CE204 /* MemeMe */ = {
			isa = PBXNativeTarget;
			buildConfigurationList = A7C55CBE1B6582B1004CE204 /* Build configuration list for PBXNativeTarget "MemeMe" */;
			buildPhases = (
				A7C55C9B1B6582B1004CE204 /* Sources */,
				A7C55C9C1B6582B1004CE204 /* Frameworks */,
				A7C55C9D1B6582B1004CE204 /* Resources */,
			);
			buildRules = (
			);
			dependencies = (
			);
			name = MemeMe;
			productName = MemeMe;
			productReference = A7C55C9F1B6582B1004CE204 /* MemeMe.app */;
			productType = "com.apple.product-type.application";
		};
		A7C55CB31B6582B1004CE204 /* MemeMeTests */ = {
			isa = PBXNativeTarget;
			buildConfigurationList = A7C55CC11B6582B1004CE204 /* Build configuration list for PBXNativeTarget "MemeMeTests" */;
			buildPhases = (
				A7C55CB01B6582B1004CE204 /* Sources */,
				A7C55CB11B6582B1004CE204 /* Frameworks */,
				A7C55CB21B6582B1004CE204 /* Resources */,
			);
			buildRules = (
			);
			dependencies = (
				A7C55CB61B6582B1004CE204 /* PBXTargetDependency */,
			);
			name = MemeMeTests;
			productName = MemeMeTests;
			productReference = A7C55CB41B6582B1004CE204 /* MemeMeTests.xctest */;
			productType = "com.apple.product-type.bundle.unit-test";
		};
/* End PBXNativeTarget section */

/* Begin PBXProject section */
		A7C55C971B6582B1004CE204 /* Project object */ = {
			isa = PBXProject;
			attributes = {
				LastSwiftMigration = 0700;
				LastSwiftUpdateCheck = 0700;
				LastUpgradeCheck = 0700;
				ORGANIZATIONNAME = "James Jongs";
				TargetAttributes = {
					A7C55C9E1B6582B1004CE204 = {
						CreatedOnToolsVersion = 6.4;
					};
					A7C55CB31B6582B1004CE204 = {
						CreatedOnToolsVersion = 6.4;
						TestTargetID = A7C55C9E1B6582B1004CE204;
					};
				};
			};
			buildConfigurationList = A7C55C9A1B6582B1004CE204 /* Build configuration list for PBXProject "MemeMe" */;
			compatibilityVersion = "Xcode 3.2";
			developmentRegion = English;
			hasScannedForEncodings = 0;
			knownRegions = (
				en,
				Base,
			);
			mainGroup = A7C55C961B6582B1004CE204;
			productRefGroup = A7C55CA01B6582B1004CE204 /* Products */;
			projectDirPath = "";
			projectRoot = "";
			targets = (
				A7C55C9E1B6582B1004CE204 /* MemeMe */,
				A7C55CB31B6582B1004CE204 /* MemeMeTests */,
			);
		};
/* End PBXProject section */

/* Begin PBXResourcesBuildPhase section */
		A7C55C9D1B6582B1004CE204 /* Resources */ = {
			isa = PBXResourcesBuildPhase;
			buildActionMask = 2147483647;
			files = (
				A79065D21C037965009A2732 /* Impact.ttf in Resources */,
				A79065DD1C03F451009A2732 /* collection_60x60.png in Resources */,
				A79065DE1C03F451009A2732 /* table_90x90.png in Resources */,
				A7C55CAA1B6582B1004CE204 /* Main.storyboard in Resources */,
				A7C55CAF1B6582B1004CE204 /* LaunchScreen.xib in Resources */,
				A79065E11C03F451009A2732 /* collection_90x90.png in Resources */,
				A79065DC1C03F451009A2732 /* collection_30x30.png in Resources */,
				A7C55CAC1B6582B1004CE204 /* Images.xcassets in Resources */,
				A79065DF1C03F451009A2732 /* table_30x30.png in Resources */,
				A79065E01C03F451009A2732 /* table_60x60.png in Resources */,
			);
			runOnlyForDeploymentPostprocessing = 0;
		};
		A7C55CB21B6582B1004CE204 /* Resources */ = {
			isa = PBXResourcesBuildPhase;
			buildActionMask = 2147483647;
			files = (
			);
			runOnlyForDeploymentPostprocessing = 0;
		};
/* End PBXResourcesBuildPhase section */

/* Begin PBXSourcesBuildPhase section */
		A7C55C9B1B6582B1004CE204 /* Sources */ = {
			isa = PBXSourcesBuildPhase;
			buildActionMask = 2147483647;
			files = (
				A7F9C18F1BD5C7DE00DBA481 /* MemeCollectionViewCell.swift in Sources */,
				A7C196BA1BFED7AA00D0B776 /* DetailViewController.swift in Sources */,
				A785EF211C042539006B5392 /* Meme.swift in Sources */,
				A7F9C18D1BD5C0AB00DBA481 /* GridViewController.swift in Sources */,
				A7F6ED261B8BCB7F001FEF1D /* SMTViewController.swift in Sources */,
				A7C55CA71B6582B1004CE204 /* EditorViewController.swift in Sources */,
				A7C55CA51B6582B1004CE204 /* AppDelegate.swift in Sources */,
			);
			runOnlyForDeploymentPostprocessing = 0;
		};
		A7C55CB01B6582B1004CE204 /* Sources */ = {
			isa = PBXSourcesBuildPhase;
			buildActionMask = 2147483647;
			files = (
				A7C55CBB1B6582B1004CE204 /* MemeMeTests.swift in Sources */,
			);
			runOnlyForDeploymentPostprocessing = 0;
		};
/* End PBXSourcesBuildPhase section */

/* Begin PBXTargetDependency section */
		A7C55CB61B6582B1004CE204 /* PBXTargetDependency */ = {
			isa = PBXTargetDependency;
			target = A7C55C9E1B6582B1004CE204 /* MemeMe */;
			targetProxy = A7C55CB51B6582B1004CE204 /* PBXContainerItemProxy */;
		};
/* End PBXTargetDependency section */

/* Begin PBXVariantGroup section */
		A7C55CA81B6582B1004CE204 /* Main.storyboard */ = {
			isa = PBXVariantGroup;
			children = (
				A7C55CA91B6582B1004CE204 /* Base */,
			);
			name = Main.storyboard;
			sourceTree = "<group>";
		};
		A7C55CAD1B6582B1004CE204 /* LaunchScreen.xib */ = {
			isa = PBXVariantGroup;
			children = (
				A7C55CAE1B6582B1004CE204 /* Base */,
			);
			name = LaunchScreen.xib;
			sourceTree = "<group>";
		};
/* End PBXVariantGroup section */

/* Begin XCBuildConfiguration section */
		A7C55CBC1B6582B1004CE204 /* Debug */ = {
			isa = XCBuildConfiguration;
			buildSettings = {
				ALWAYS_SEARCH_USER_PATHS = NO;
				CLANG_CXX_LANGUAGE_STANDARD = "gnu++0x";
				CLANG_CXX_LIBRARY = "libc++";
				CLANG_ENABLE_MODULES = YES;
				CLANG_ENABLE_OBJC_ARC = YES;
				CLANG_WARN_BOOL_CONVERSION = YES;
				CLANG_WARN_CONSTANT_CONVERSION = YES;
				CLANG_WARN_DIRECT_OBJC_ISA_USAGE = YES_ERROR;
				CLANG_WARN_EMPTY_BODY = YES;
				CLANG_WARN_ENUM_CONVERSION = YES;
				CLANG_WARN_INT_CONVERSION = YES;
				CLANG_WARN_OBJC_ROOT_CLASS = YES_ERROR;
				CLANG_WARN_UNREACHABLE_CODE = YES;
				CLANG_WARN__DUPLICATE_METHOD_MATCH = YES;
				"CODE_SIGN_IDENTITY[sdk=iphoneos*]" = "iPhone Developer";
				COPY_PHASE_STRIP = NO;
				DEBUG_INFORMATION_FORMAT = "dwarf-with-dsym";
				ENABLE_STRICT_OBJC_MSGSEND = YES;
				ENABLE_TESTABILITY = YES;
				GCC_C_LANGUAGE_STANDARD = gnu99;
				GCC_DYNAMIC_NO_PIC = NO;
				GCC_NO_COMMON_BLOCKS = YES;
				GCC_OPTIMIZATION_LEVEL = 0;
				GCC_PREPROCESSOR_DEFINITIONS = (
					"DEBUG=1",
					"$(inherited)",
				);
				GCC_SYMBOLS_PRIVATE_EXTERN = NO;
				GCC_WARN_64_TO_32_BIT_CONVERSION = YES;
				GCC_WARN_ABOUT_RETURN_TYPE = YES_ERROR;
				GCC_WARN_UNDECLARED_SELECTOR = YES;
				GCC_WARN_UNINITIALIZED_AUTOS = YES_AGGRESSIVE;
				GCC_WARN_UNUSED_FUNCTION = YES;
				GCC_WARN_UNUSED_VARIABLE = YES;
				IPHONEOS_DEPLOYMENT_TARGET = 8.4;
				MTL_ENABLE_DEBUG_INFO = YES;
				ONLY_ACTIVE_ARCH = YES;
				SDKROOT = iphoneos;
				SWIFT_OPTIMIZATION_LEVEL = "-Onone";
			};
			name = Debug;
		};
		A7C55CBD1B6582B1004CE204 /* Release */ = {
			isa = XCBuildConfiguration;
			buildSettings = {
				ALWAYS_SEARCH_USER_PATHS = NO;
				CLANG_CXX_LANGUAGE_STANDARD = "gnu++0x";
				CLANG_CXX_LIBRARY = "libc++";
				CLANG_ENABLE_MODULES = YES;
				CLANG_ENABLE_OBJC_ARC = YES;
				CLANG_WARN_BOOL_CONVERSION = YES;
				CLANG_WARN_CONSTANT_CONVERSION = YES;
				CLANG_WARN_DIRECT_OBJC_ISA_USAGE = YES_ERROR;
				CLANG_WARN_EMPTY_BODY = YES;
				CLANG_WARN_ENUM_CONVERSION = YES;
				CLANG_WARN_INT_CONVERSION = YES;
				CLANG_WARN_OBJC_ROOT_CLASS = YES_ERROR;
				CLANG_WARN_UNREACHABLE_CODE = YES;
				CLANG_WARN__DUPLICATE_METHOD_MATCH = YES;
				"CODE_SIGN_IDENTITY[sdk=iphoneos*]" = "iPhone Developer";
				COPY_PHASE_STRIP = NO;
				DEBUG_INFORMATION_FORMAT = "dwarf-with-dsym";
				ENABLE_NS_ASSERTIONS = NO;
				ENABLE_STRICT_OBJC_MSGSEND = YES;
				GCC_C_LANGUAGE_STANDARD = gnu99;
				GCC_NO_COMMON_BLOCKS = YES;
				GCC_WARN_64_TO_32_BIT_CONVERSION = YES;
				GCC_WARN_ABOUT_RETURN_TYPE = YES_ERROR;
				GCC_WARN_UNDECLARED_SELECTOR = YES;
				GCC_WARN_UNINITIALIZED_AUTOS = YES_AGGRESSIVE;
				GCC_WARN_UNUSED_FUNCTION = YES;
				GCC_WARN_UNUSED_VARIABLE = YES;
				IPHONEOS_DEPLOYMENT_TARGET = 8.4;
				MTL_ENABLE_DEBUG_INFO = NO;
				SDKROOT = iphoneos;
				VALIDATE_PRODUCT = YES;
			};
			name = Release;
		};
		A7C55CBF1B6582B1004CE204 /* Debug */ = {
			isa = XCBuildConfiguration;
			buildSettings = {
				ASSETCATALOG_COMPILER_APPICON_NAME = AppIcon;
				INFOPLIST_FILE = MemeMe/Info.plist;
				LD_RUNPATH_SEARCH_PATHS = "$(inherited) @executable_path/Frameworks";
				PRODUCT_BUNDLE_IDENTIFIER = "JamesJongs.$(PRODUCT_NAME:rfc1034identifier)";
				PRODUCT_NAME = "$(TARGET_NAME)";
			};
			name = Debug;
		};
		A7C55CC01B6582B1004CE204 /* Release */ = {
			isa = XCBuildConfiguration;
			buildSettings = {
				ASSETCATALOG_COMPILER_APPICON_NAME = AppIcon;
				INFOPLIST_FILE = MemeMe/Info.plist;
				LD_RUNPATH_SEARCH_PATHS = "$(inherited) @executable_path/Frameworks";
				PRODUCT_BUNDLE_IDENTIFIER = "JamesJongs.$(PRODUCT_NAME:rfc1034identifier)";
				PRODUCT_NAME = "$(TARGET_NAME)";
			};
			name = Release;
		};
		A7C55CC21B6582B1004CE204 /* Debug */ = {
			isa = XCBuildConfiguration;
			buildSettings = {
				BUNDLE_LOADER = "$(TEST_HOST)";
				FRAMEWORK_SEARCH_PATHS = (
					"$(SDKROOT)/Developer/Library/Frameworks",
					"$(inherited)",
				);
				GCC_PREPROCESSOR_DEFINITIONS = (
					"DEBUG=1",
					"$(inherited)",
				);
				INFOPLIST_FILE = MemeMeTests/Info.plist;
				LD_RUNPATH_SEARCH_PATHS = "$(inherited) @executable_path/Frameworks @loader_path/Frameworks";
				PRODUCT_BUNDLE_IDENTIFIER = "JamesJongs.$(PRODUCT_NAME:rfc1034identifier)";
				PRODUCT_NAME = "$(TARGET_NAME)";
				TEST_HOST = "$(BUILT_PRODUCTS_DIR)/MemeMe.app/MemeMe";
			};
			name = Debug;
		};
		A7C55CC31B6582B1004CE204 /* Release */ = {
			isa = XCBuildConfiguration;
			buildSettings = {
				BUNDLE_LOADER = "$(TEST_HOST)";
				FRAMEWORK_SEARCH_PATHS = (
					"$(SDKROOT)/Developer/Library/Frameworks",
					"$(inherited)",
				);
				INFOPLIST_FILE = MemeMeTests/Info.plist;
				LD_RUNPATH_SEARCH_PATHS = "$(inherited) @executable_path/Frameworks @loader_path/Frameworks";
				PRODUCT_BUNDLE_IDENTIFIER = "JamesJongs.$(PRODUCT_NAME:rfc1034identifier)";
				PRODUCT_NAME = "$(TARGET_NAME)";
				TEST_HOST = "$(BUILT_PRODUCTS_DIR)/MemeMe.app/MemeMe";
			};
			name = Release;
		};
/* End XCBuildConfiguration section */

/* Begin XCConfigurationList section */
		A7C55C9A1B6582B1004CE204 /* Build configuration list for PBXProject "MemeMe" */ = {
			isa = XCConfigurationList;
			buildConfigurations = (
				A7C55CBC1B6582B1004CE204 /* Debug */,
				A7C55CBD1B6582B1004CE204 /* Release */,
			);
			defaultConfigurationIsVisible = 0;
			defaultConfigurationName = Release;
		};
		A7C55CBE1B6582B1004CE204 /* Build configuration list for PBXNativeTarget "MemeMe" */ = {
			isa = XCConfigurationList;
			buildConfigurations = (
				A7C55CBF1B6582B1004CE204 /* Debug */,
				A7C55CC01B6582B1004CE204 /* Release */,
			);
			defaultConfigurationIsVisible = 0;
			defaultConfigurationName = Release;
		};
		A7C55CC11B6582B1004CE204 /* Build configuration list for PBXNativeTarget "MemeMeTests" */ = {
			isa = XCConfigurationList;
			buildConfigurations = (
				A7C55CC21B6582B1004CE204 /* Debug */,
				A7C55CC31B6582B1004CE204 /* Release */,
			);
			defaultConfigurationIsVisible = 0;
			defaultConfigurationName = Release;
		};
/* End XCConfigurationList section */
	};
	rootObject = A7C55C971B6582B1004CE204 /* Project object */;
}
